
Microsoft Visual Studio Solution File, Format Version 10.00
# Visual Studio 2008
Project("{FAE04EC0-301F-11D3-BF4B-00C04F79EFBC}") = "ZkFingerDemo", "ZkFingerDemo\ZkFingerDemo.csproj", "{0DC0EF56-85C7-4484-9877-5580C49B4267}"
EndProject
Global
	GlobalSection(SolutionConfigurationPlatforms) = preSolution
		Debug|Any CPU = Debug|Any CPU
		Release|Any CPU = Release|Any CPU
	EndGlobalSection
	GlobalSection(ProjectConfigurationPlatforms) = postSolution
		{0DC0EF56-85C7-4484-9877-5580C49B4267}.Debug|Any CPU.ActiveCfg = Debug|Any CPU
		{0DC0EF56-85C7-4484-9877-5580C49B4267}.Debug|Any CPU.Build.0 = Debug|Any CPU
		{0DC0EF56-85C7-4484-9877-5580C49B4267}.Release|Any CPU.ActiveCfg = Release|Any CPU
		{0DC0EF56-85C7-4484-9877-5580C49B4267}.Release|Any CPU.Build.0 = Release|Any CPU
	EndGlobalSection
	GlobalSection(SolutionProperties) = preSolution
		HideSolutionNode = FALSE
	EndGlobalSection
EndGlobal
